
Microsoft Visual Studio Solution File, Format Version 12.00
# Visual Studio 15
VisualStudioVersion = 15.0.28307.106
MinimumVisualStudioVersion = 10.0.40219.1
Project("{E24C65DC-7377-472B-9ABA-BC803B73C61A}") = "GuyWithAKureg", "GuyWithAKureg\", "{DD226D37-F3E7-4067-8151-A65B4470DF64}"
	ProjectSection(WebsiteProperties) = preProject
		TargetFrameworkMoniker = ".NETFramework,Version%3Dv4.6.1"
		Debug.AspNetCompiler.VirtualPath = "/localhost_50011"
		Debug.AspNetCompiler.PhysicalPath = "GuyWithAKureg\"
		Debug.AspNetCompiler.TargetPath = "PrecompiledWeb\localhost_50011\"
		Debug.AspNetCompiler.Updateable = "true"
		Debug.AspNetCompiler.ForceOverwrite = "true"
		Debug.AspNetCompiler.FixedNames = "false"
		Debug.AspNetCompiler.Debug = "True"
		Release.AspNetCompiler.VirtualPath = "/localhost_50011"
		Release.AspNetCompiler.PhysicalPath = "GuyWithAKureg\"
		Release.AspNetCompiler.TargetPath = "PrecompiledWeb\localhost_50011\"
		Release.AspNetCompiler.Updateable = "true"
		Release.AspNetCompiler.ForceOverwrite = "true"
		Release.AspNetCompiler.FixedNames = "false"
		Release.AspNetCompiler.Debug = "False"
		VWDPort = "50011"
		SlnRelativePath = "GuyWithAKureg\"
		DefaultWebSiteLanguage = "Visual C#"
	EndProjectSection
EndProject
Global
	GlobalSection(SolutionConfigurationPlatforms) = preSolution
		Debug|Any CPU = Debug|Any CPU
	EndGlobalSection
	GlobalSection(ProjectConfigurationPlatforms) = postSolution
		{DD226D37-F3E7-4067-8151-A65B4470DF64}.Debug|Any CPU.ActiveCfg = Debug|Any CPU
		{DD226D37-F3E7-4067-8151-A65B4470DF64}.Debug|Any CPU.Build.0 = Debug|Any CPU
	EndGlobalSection
	GlobalSection(SolutionProperties) = preSolution
		HideSolutionNode = FALSE
	EndGlobalSection
	GlobalSection(ExtensibilityGlobals) = postSolution
		SolutionGuid = {39596122-9B05-4D34-877B-8F17084F82E2}
	EndGlobalSection
EndGlobal
